// !$*UTF8*$!
{
	archiveVersion = 1;
	classes = {
	};
	objectVersion = 46;
	objects = {

/* Begin PBXBuildFile section */
		F13C0B4919CCBDAD0093CFAD /* View.m in Sources */ = {isa = PBXBuildFile; fileRef = F13C0B4819CCBDAD0093CFAD /* View.m */; };
		F13C0B4C19CCC1CE0093CFAD /* TableView.m in Sources */ = {isa = PBXBuildFile; fileRef = F13C0B4B19CCC1CE0093CFAD /* TableView.m */; };
		F1A6448D19CB791400EB615D /* main.m in Sources */ = {isa = PBXBuildFile; fileRef = F1A6448C19CB791400EB615D /* main.m */; };
		F1A6449019CB791400EB615D /* AppDelegate.m in Sources */ = {isa = PBXBuildFile; fileRef = F1A6448F19CB791400EB615D /* AppDelegate.m */; };
		F1A6449319CB791400EB615D /* ViewController.m in Sources */ = {isa = PBXBuildFile; fileRef = F1A6449219CB791400EB615D /* ViewController.m */; };
		F1A6449819CB791400EB615D /* Images.xcassets in Resources */ = {isa = PBXBuildFile; fileRef = F1A6449719CB791400EB615D /* Images.xcassets */; };
		F1A6449B19CB791400EB615D /* LaunchScreen.xib in Resources */ = {isa = PBXBuildFile; fileRef = F1A6449919CB791400EB615D /* LaunchScreen.xib */; };
		F1A644A719CB791400EB615D /* TableViewCellAccessoryViewSizingOS8Tests.m in Sources */ = {isa = PBXBuildFile; fileRef = F1A644A619CB791400EB615D /* TableViewCellAccessoryViewSizingOS8Tests.m */; };
		F1A644B219CB796C00EB615D /* TableViewCell.m in Sources */ = {isa = PBXBuildFile; fileRef = F1A644B119CB796C00EB615D /* TableViewCell.m */; };
		F1F0A7BF19CFF13A00F2A350 /* SectionHeaderFooterView.m in Sources */ = {isa = PBXBuildFile; fileRef = F1F0A7BE19CFF13A00F2A350 /* SectionHeaderFooterView.m */; };
/* End PBXBuildFile section */

/* Begin PBXContainerItemProxy section */
		F1A644A119CB791400EB615D /* PBXContainerItemProxy */ = {
			isa = PBXContainerItemProxy;
			containerPortal = F1A6447F19CB791400EB615D /* Project object */;
			proxyType = 1;
			remoteGlobalIDString = F1A6448619CB791400EB615D;
			remoteInfo = TableViewCellAccessoryViewSizingOS8;
		};
/* End PBXContainerItemProxy section */

/* Begin PBXFileReference section */
		F13C0B4719CCBDAD0093CFAD /* View.h */ = {isa = PBXFileReference; fileEncoding = 4; lastKnownFileType = sourcecode.c.h; path = View.h; sourceTree = "<group>"; };
		F13C0B4819CCBDAD0093CFAD /* View.m */ = {isa = PBXFileReference; fileEncoding = 4; lastKnownFileType = sourcecode.c.objc; path = View.m; sourceTree = "<group>"; };
		F13C0B4A19CCC1CE0093CFAD /* TableView.h */ = {isa = PBXFileReference; fileEncoding = 4; lastKnownFileType = sourcecode.c.h; path = TableView.h; sourceTree = "<group>"; };
		F13C0B4B19CCC1CE0093CFAD /* TableView.m */ = {isa = PBXFileReference; fileEncoding = 4; lastKnownFileType = sourcecode.c.objc; path = TableView.m; sourceTree = "<group>"; };
		F1A6448719CB791400EB615D /* TableViewCellAccessoryViewSizingOS8.app */ = {isa = PBXFileReference; explicitFileType = wrapper.application; includeInIndex = 0; path = TableViewCellAccessoryViewSizingOS8.app; sourceTree = BUILT_PRODUCTS_DIR; };
		F1A6448B19CB791400EB615D /* Info.plist */ = {isa = PBXFileReference; lastKnownFileType = text.plist.xml; path = Info.plist; sourceTree = "<group>"; };
		F1A6448C19CB791400EB615D /* main.m */ = {isa = PBXFileReference; lastKnownFileType = sourcecode.c.objc; path = main.m; sourceTree = "<group>"; };
		F1A6448E19CB791400EB615D /* AppDelegate.h */ = {isa = PBXFileReference; lastKnownFileType = sourcecode.c.h; path = AppDelegate.h; sourceTree = "<group>"; };
		F1A6448F19CB791400EB615D /* AppDelegate.m */ = {isa = PBXFileReference; lastKnownFileType = sourcecode.c.objc; path = AppDelegate.m; sourceTree = "<group>"; };
		F1A6449119CB791400EB615D /* ViewController.h */ = {isa = PBXFileReference; lastKnownFileType = sourcecode.c.h; path = ViewController.h; sourceTree = "<group>"; };
		F1A6449219CB791400EB615D /* ViewController.m */ = {isa = PBXFileReference; lastKnownFileType = sourcecode.c.objc; path = ViewController.m; sourceTree = "<group>"; };
		F1A6449719CB791400EB615D /* Images.xcassets */ = {isa = PBXFileReference; lastKnownFileType = folder.assetcatalog; path = Images.xcassets; sourceTree = "<group>"; };
		F1A6449A19CB791400EB615D /* Base */ = {isa = PBXFileReference; lastKnownFileType = file.xib; name = Base; path = Base.lproj/LaunchScreen.xib; sourceTree = "<group>"; };
		F1A644A019CB791400EB615D /* TableViewCellAccessoryViewSizingOS8Tests.xctest */ = {isa = PBXFileReference; explicitFileType = wrapper.cfbundle; includeInIndex = 0; path = TableViewCellAccessoryViewSizingOS8Tests.xctest; sourceTree = BUILT_PRODUCTS_DIR; };
		F1A644A519CB791400EB615D /* Info.plist */ = {isa = PBXFileReference; lastKnownFileType = text.plist.xml; path = Info.plist; sourceTree = "<group>"; };
		F1A644A619CB791400EB615D /* TableViewCellAccessoryViewSizingOS8Tests.m */ = {isa = PBXFileReference; lastKnownFileType = sourcecode.c.objc; path = TableViewCellAccessoryViewSizingOS8Tests.m; sourceTree = "<group>"; };
		F1A644B019CB796C00EB615D /* TableViewCell.h */ = {isa = PBXFileReference; fileEncoding = 4; lastKnownFileType = sourcecode.c.h; path = TableViewCell.h; sourceTree = "<group>"; };
		F1A644B119CB796C00EB615D /* TableViewCell.m */ = {isa = PBXFileReference; fileEncoding = 4; lastKnownFileType = sourcecode.c.objc; path = TableViewCell.m; sourceTree = "<group>"; };
		F1F0A7BD19CFF13A00F2A350 /* SectionHeaderFooterView.h */ = {isa = PBXFileReference; fileEncoding = 4; lastKnownFileType = sourcecode.c.h; path = SectionHeaderFooterView.h; sourceTree = "<group>"; };
		F1F0A7BE19CFF13A00F2A350 /* SectionHeaderFooterView.m */ = {isa = PBXFileReference; fileEncoding = 4; lastKnownFileType = sourcecode.c.objc; path = SectionHeaderFooterView.m; sourceTree = "<group>"; };
/* End PBXFileReference section */

/* Begin PBXFrameworksBuildPhase section */
		F1A6448419CB791400EB615D /* Frameworks */ = {
			isa = PBXFrameworksBuildPhase;
			buildActionMask = 2147483647;
			files = (
			);
			runOnlyForDeploymentPostprocessing = 0;
		};
		F1A6449D19CB791400EB615D /* Frameworks */ = {
			isa = PBXFrameworksBuildPhase;
			buildActionMask = 2147483647;
			files = (
			);
			runOnlyForDeploymentPostprocessing = 0;
		};
/* End PBXFrameworksBuildPhase section */

/* Begin PBXGroup section */
		F1A6447E19CB791400EB615D = {
			isa = PBXGroup;
			children = (
				F1A6448919CB791400EB615D /* TableViewCellAccessoryViewSizingOS8 */,
				F1A644A319CB791400EB615D /* TableViewCellAccessoryViewSizingOS8Tests */,
				F1A6448819CB791400EB615D /* Products */,
			);
			sourceTree = "<group>";
		};
		F1A6448819CB791400EB615D /* Products */ = {
			isa = PBXGroup;
			children = (
				F1A6448719CB791400EB615D /* TableViewCellAccessoryViewSizingOS8.app */,
				F1A644A019CB791400EB615D /* TableViewCellAccessoryViewSizingOS8Tests.xctest */,
			);
			name = Products;
			sourceTree = "<group>";
		};
		F1A6448919CB791400EB615D /* TableViewCellAccessoryViewSizingOS8 */ = {
			isa = PBXGroup;
			children = (
				F1A6448E19CB791400EB615D /* AppDelegate.h */,
				F1A6448F19CB791400EB615D /* AppDelegate.m */,
				F1A6449119CB791400EB615D /* ViewController.h */,
				F1A6449219CB791400EB615D /* ViewController.m */,
				F1A644B019CB796C00EB615D /* TableViewCell.h */,
				F1A644B119CB796C00EB615D /* TableViewCell.m */,
				F13C0B4719CCBDAD0093CFAD /* View.h */,
				F13C0B4819CCBDAD0093CFAD /* View.m */,
				F1A6449719CB791400EB615D /* Images.xcassets */,
				F1A6449919CB791400EB615D /* LaunchScreen.xib */,
				F1A6448A19CB791400EB615D /* Supporting Files */,
				F13C0B4A19CCC1CE0093CFAD /* TableView.h */,
				F13C0B4B19CCC1CE0093CFAD /* TableView.m */,
				F1F0A7BD19CFF13A00F2A350 /* SectionHeaderFooterView.h */,
				F1F0A7BE19CFF13A00F2A350 /* SectionHeaderFooterView.m */,
			);
			path = TableViewCellAccessoryViewSizingOS8;
			sourceTree = "<group>";
		};
		F1A6448A19CB791400EB615D /* Supporting Files */ = {
			isa = PBXGroup;
			children = (
				F1A6448B19CB791400EB615D /* Info.plist */,
				F1A6448C19CB791400EB615D /* main.m */,
			);
			name = "Supporting Files";
			sourceTree = "<group>";
		};
		F1A644A319CB791400EB615D /* TableViewCellAccessoryViewSizingOS8Tests */ = {
			isa = PBXGroup;
			children = (
				F1A644A619CB791400EB615D /* TableViewCellAccessoryViewSizingOS8Tests.m */,
				F1A644A419CB791400EB615D /* Supporting Files */,
			);
			path = TableViewCellAccessoryViewSizingOS8Tests;
			sourceTree = "<group>";
		};
		F1A644A419CB791400EB615D /* Supporting Files */ = {
			isa = PBXGroup;
			children = (
				F1A644A519CB791400EB615D /* Info.plist */,
			);
			name = "Supporting Files";
			sourceTree = "<group>";
		};
/* End PBXGroup section */

/* Begin PBXNativeTarget section */
		F1A6448619CB791400EB615D /* TableViewCellAccessoryViewSizingOS8 */ = {
			isa = PBXNativeTarget;
			buildConfigurationList = F1A644AA19CB791400EB615D /* Build configuration list for PBXNativeTarget "TableViewCellAccessoryViewSizingOS8" */;
			buildPhases = (
				F1A6448319CB791400EB615D /* Sources */,
				F1A6448419CB791400EB615D /* Frameworks */,
				F1A6448519CB791400EB615D /* Resources */,
			);
			buildRules = (
			);
			dependencies = (
			);
			name = TableViewCellAccessoryViewSizingOS8;
			productName = TableViewCellAccessoryViewSizingOS8;
			productReference = F1A6448719CB791400EB615D /* TableViewCellAccessoryViewSizingOS8.app */;
			productType = "com.apple.product-type.application";
		};
		F1A6449F19CB791400EB615D /* TableViewCellAccessoryViewSizingOS8Tests */ = {
			isa = PBXNativeTarget;
			buildConfigurationList = F1A644AD19CB791400EB615D /* Build configuration list for PBXNativeTarget "TableViewCellAccessoryViewSizingOS8Tests" */;
			buildPhases = (
				F1A6449C19CB791400EB615D /* Sources */,
				F1A6449D19CB791400EB615D /* Frameworks */,
				F1A6449E19CB791400EB615D /* Resources */,
			);
			buildRules = (
			);
			dependencies = (
				F1A644A219CB791400EB615D /* PBXTargetDependency */,
			);
			name = TableViewCellAccessoryViewSizingOS8Tests;
			productName = TableViewCellAccessoryViewSizingOS8Tests;
			productReference = F1A644A019CB791400EB615D /* TableViewCellAccessoryViewSizingOS8Tests.xctest */;
			productType = "com.apple.product-type.bundle.unit-test";
		};
/* End PBXNativeTarget section */

/* Begin PBXProject section */
		F1A6447F19CB791400EB615D /* Project object */ = {
			isa = PBXProject;
			attributes = {
				LastUpgradeCheck = 0600;
				ORGANIZATIONNAME = tomabuct;
				TargetAttributes = {
					F1A6448619CB791400EB615D = {
						CreatedOnToolsVersion = 6.0.1;
					};
					F1A6449F19CB791400EB615D = {
						CreatedOnToolsVersion = 6.0.1;
						TestTargetID = F1A6448619CB791400EB615D;
					};
				};
			};
			buildConfigurationList = F1A6448219CB791400EB615D /* Build configuration list for PBXProject "TableViewCellAccessoryViewSizingOS8" */;
			compatibilityVersion = "Xcode 3.2";
			developmentRegion = English;
			hasScannedForEncodings = 0;
			knownRegions = (
				en,
				Base,
			);
			mainGroup = F1A6447E19CB791400EB615D;
			productRefGroup = F1A6448819CB791400EB615D /* Products */;
			projectDirPath = "";
			projectRoot = "";
			targets = (
				F1A6448619CB791400EB615D /* TableViewCellAccessoryViewSizingOS8 */,
				F1A6449F19CB791400EB615D /* TableViewCellAccessoryViewSizingOS8Tests */,
			);
		};
/* End PBXProject section */

/* Begin PBXResourcesBuildPhase section */
		F1A6448519CB791400EB615D /* Resources */ = {
			isa = PBXResourcesBuildPhase;
			buildActionMask = 2147483647;
			files = (
				F1A6449B19CB791400EB615D /* LaunchScreen.xib in Resources */,
				F1A6449819CB791400EB615D /* Images.xcassets in Resources */,
			);
			runOnlyForDeploymentPostprocessing = 0;
		};
		F1A6449E19CB791400EB615D /* Resources */ = {
			isa = PBXResourcesBuildPhase;
			buildActionMask = 2147483647;
			files = (
			);
			runOnlyForDeploymentPostprocessing = 0;
		};
/* End PBXResourcesBuildPhase section */

/* Begin PBXSourcesBuildPhase section */
		F1A6448319CB791400EB615D /* Sources */ = {
			isa = PBXSourcesBuildPhase;
			buildActionMask = 2147483647;
			files = (
				F13C0B4919CCBDAD0093CFAD /* View.m in Sources */,
				F1A6449319CB791400EB615D /* ViewController.m in Sources */,
				F1A644B219CB796C00EB615D /* TableViewCell.m in Sources */,
				F1F0A7BF19CFF13A00F2A350 /* SectionHeaderFooterView.m in Sources */,
				F13C0B4C19CCC1CE0093CFAD /* TableView.m in Sources */,
				F1A6449019CB791400EB615D /* AppDelegate.m in Sources */,
				F1A6448D19CB791400EB615D /* main.m in Sources */,
			);
			runOnlyForDeploymentPostprocessing = 0;
		};
		F1A6449C19CB791400EB615D /* Sources */ = {
			isa = PBXSourcesBuildPhase;
			buildActionMask = 2147483647;
			files = (
				F1A644A719CB791400EB615D /* TableViewCellAccessoryViewSizingOS8Tests.m in Sources */,
			);
			runOnlyForDeploymentPostprocessing = 0;
		};
/* End PBXSourcesBuildPhase section */

/* Begin PBXTargetDependency section */
		F1A644A219CB791400EB615D /* PBXTargetDependency */ = {
			isa = PBXTargetDependency;
			target = F1A6448619CB791400EB615D /* TableViewCellAccessoryViewSizingOS8 */;
			targetProxy = F1A644A119CB791400EB615D /* PBXContainerItemProxy */;
		};
/* End PBXTargetDependency section */

/* Begin PBXVariantGroup section */
		F1A6449919CB791400EB615D /* LaunchScreen.xib */ = {
			isa = PBXVariantGroup;
			children = (
				F1A6449A19CB791400EB615D /* Base */,
			);
			name = LaunchScreen.xib;
			sourceTree = "<group>";
		};
/* End PBXVariantGroup section */

/* Begin XCBuildConfiguration section */
		F1A644A819CB791400EB615D /* Debug */ = {
			isa = XCBuildConfiguration;
			buildSettings = {
				ALWAYS_SEARCH_USER_PATHS = NO;
				CLANG_CXX_LANGUAGE_STANDARD = "gnu++0x";
				CLANG_CXX_LIBRARY = "libc++";
				CLANG_ENABLE_MODULES = YES;
				CLANG_ENABLE_OBJC_ARC = YES;
				CLANG_WARN_BOOL_CONVERSION = YES;
				CLANG_WARN_CONSTANT_CONVERSION = YES;
				CLANG_WARN_DIRECT_OBJC_ISA_USAGE = YES_ERROR;
				CLANG_WARN_EMPTY_BODY = YES;
				CLANG_WARN_ENUM_CONVERSION = YES;
				CLANG_WARN_INT_CONVERSION = YES;
				CLANG_WARN_OBJC_ROOT_CLASS = YES_ERROR;
				CLANG_WARN_UNREACHABLE_CODE = YES;
				CLANG_WARN__DUPLICATE_METHOD_MATCH = YES;
				"CODE_SIGN_IDENTITY[sdk=iphoneos*]" = "iPhone Developer";
				COPY_PHASE_STRIP = NO;
				ENABLE_STRICT_OBJC_MSGSEND = YES;
				GCC_C_LANGUAGE_STANDARD = gnu99;
				GCC_DYNAMIC_NO_PIC = NO;
				GCC_OPTIMIZATION_LEVEL = 0;
				GCC_PREPROCESSOR_DEFINITIONS = (
					"DEBUG=1",
					"$(inherited)",
				);
				GCC_SYMBOLS_PRIVATE_EXTERN = NO;
				GCC_WARN_64_TO_32_BIT_CONVERSION = YES;
				GCC_WARN_ABOUT_RETURN_TYPE = YES_ERROR;
				GCC_WARN_UNDECLARED_SELECTOR = YES;
				GCC_WARN_UNINITIALIZED_AUTOS = YES_AGGRESSIVE;
				GCC_WARN_UNUSED_FUNCTION = YES;
				GCC_WARN_UNUSED_VARIABLE = YES;
				IPHONEOS_DEPLOYMENT_TARGET = 8.0;
				MTL_ENABLE_DEBUG_INFO = YES;
				ONLY_ACTIVE_ARCH = YES;
				SDKROOT = iphoneos;
				TARGETED_DEVICE_FAMILY = "1,2";
			};
			name = Debug;
		};
		F1A644A919CB791400EB615D /* Release */ = {
			isa = XCBuildConfiguration;
			buildSettings = {
				ALWAYS_SEARCH_USER_PATHS = NO;
				CLANG_CXX_LANGUAGE_STANDARD = "gnu++0x";
				CLANG_CXX_LIBRARY = "libc++";
				CLANG_ENABLE_MODULES = YES;
				CLANG_ENABLE_OBJC_ARC = YES;
				CLANG_WARN_BOOL_CONVERSION = YES;
				CLANG_WARN_CONSTANT_CONVERSION = YES;
				CLANG_WARN_DIRECT_OBJC_ISA_USAGE = YES_ERROR;
				CLANG_WARN_EMPTY_BODY = YES;
				CLANG_WARN_ENUM_CONVERSION = YES;
				CLANG_WARN_INT_CONVERSION = YES;
				CLANG_WARN_OBJC_ROOT_CLASS = YES_ERROR;
				CLANG_WARN_UNREACHABLE_CODE = YES;
				CLANG_WARN__DUPLICATE_METHOD_MATCH = YES;
				"CODE_SIGN_IDENTITY[sdk=iphoneos*]" = "iPhone Developer";
				COPY_PHASE_STRIP = YES;
				ENABLE_NS_ASSERTIONS = NO;
				ENABLE_STRICT_OBJC_MSGSEND = YES;
				GCC_C_LANGUAGE_STANDARD = gnu99;
				GCC_WARN_64_TO_32_BIT_CONVERSION = YES;
				GCC_WARN_ABOUT_RETURN_TYPE = YES_ERROR;
				GCC_WARN_UNDECLARED_SELECTOR = YES;
				GCC_WARN_UNINITIALIZED_AUTOS = YES_AGGRESSIVE;
				GCC_WARN_UNUSED_FUNCTION = YES;
				GCC_WARN_UNUSED_VARIABLE = YES;
				IPHONEOS_DEPLOYMENT_TARGET = 8.0;
				MTL_ENABLE_DEBUG_INFO = NO;
				SDKROOT = iphoneos;
				TARGETED_DEVICE_FAMILY = "1,2";
				VALIDATE_PRODUCT = YES;
			};
			name = Release;
		};
		F1A644AB19CB791400EB615D /* Debug */ = {
			isa = XCBuildConfiguration;
			buildSettings = {
				ASSETCATALOG_COMPILER_APPICON_NAME = AppIcon;
				INFOPLIST_FILE = TableViewCellAccessoryViewSizingOS8/Info.plist;
				IPHONEOS_DEPLOYMENT_TARGET = 7.1;
				LD_RUNPATH_SEARCH_PATHS = "$(inherited) @executable_path/Frameworks";
				PRODUCT_NAME = "$(TARGET_NAME)";
			};
			name = Debug;
		};
		F1A644AC19CB791400EB615D /* Release */ = {
			isa = XCBuildConfiguration;
			buildSettings = {
				ASSETCATALOG_COMPILER_APPICON_NAME = AppIcon;
				INFOPLIST_FILE = TableViewCellAccessoryViewSizingOS8/Info.plist;
				IPHONEOS_DEPLOYMENT_TARGET = 7.1;
				LD_RUNPATH_SEARCH_PATHS = "$(inherited) @executable_path/Frameworks";
				PRODUCT_NAME = "$(TARGET_NAME)";
			};
			name = Release;
		};
		F1A644AE19CB791400EB615D /* Debug */ = {
			isa = XCBuildConfiguration;
			buildSettings = {
				BUNDLE_LOADER = "$(TEST_HOST)";
				FRAMEWORK_SEARCH_PATHS = (
					"$(SDKROOT)/Developer/Library/Frameworks",
					"$(inherited)",
				);
				GCC_PREPROCESSOR_DEFINITIONS = (
					"DEBUG=1",
					"$(inherited)",
				);
				INFOPLIST_FILE = TableViewCellAccessoryViewSizingOS8Tests/Info.plist;
				LD_RUNPATH_SEARCH_PATHS = "$(inherited) @executable_path/Frameworks @loader_path/Frameworks";
				PRODUCT_NAME = "$(TARGET_NAME)";
				TEST_HOST = "$(BUILT_PRODUCTS_DIR)/TableViewCellAccessoryViewSizingOS8.app/TableViewCellAccessoryViewSizingOS8";
			};
			name = Debug;
		};
		F1A644AF19CB791400EB615D /* Release */ = {
			isa = XCBuildConfiguration;
			buildSettings = {
				BUNDLE_LOADER = "$(TEST_HOST)";
				FRAMEWORK_SEARCH_PATHS = (
					"$(SDKROOT)/Developer/Library/Frameworks",
					"$(inherited)",
				);
				INFOPLIST_FILE = TableViewCellAccessoryViewSizingOS8Tests/Info.plist;
				LD_RUNPATH_SEARCH_PATHS = "$(inherited) @executable_path/Frameworks @loader_path/Frameworks";
				PRODUCT_NAME = "$(TARGET_NAME)";
				TEST_HOST = "$(BUILT_PRODUCTS_DIR)/TableViewCellAccessoryViewSizingOS8.app/TableViewCellAccessoryViewSizingOS8";
			};
			name = Release;
		};
/* End XCBuildConfiguration section */

/* Begin XCConfigurationList section */
		F1A6448219CB791400EB615D /* Build configuration list for PBXProject "TableViewCellAccessoryViewSizingOS8" */ = {
			isa = XCConfigurationList;
			buildConfigurations = (
				F1A644A819CB791400EB615D /* Debug */,
				F1A644A919CB791400EB615D /* Release */,
			);
			defaultConfigurationIsVisible = 0;
			defaultConfigurationName = Release;
		};
		F1A644AA19CB791400EB615D /* Build configuration list for PBXNativeTarget "TableViewCellAccessoryViewSizingOS8" */ = {
			isa = XCConfigurationList;
			buildConfigurations = (
				F1A644AB19CB791400EB615D /* Debug */,
				F1A644AC19CB791400EB615D /* Release */,
			);
			defaultConfigurationIsVisible = 0;
			defaultConfigurationName = Release;
		};
		F1A644AD19CB791400EB615D /* Build configuration list for PBXNativeTarget "TableViewCellAccessoryViewSizingOS8Tests" */ = {
			isa = XCConfigurationList;
			buildConfigurations = (
				F1A644AE19CB791400EB615D /* Debug */,
				F1A644AF19CB791400EB615D /* Release */,
			);
			defaultConfigurationIsVisible = 0;
			defaultConfigurationName = Release;
		};
/* End XCConfigurationList section */
	};
	rootObject = F1A6447F19CB791400EB615D /* Project object */;
}
